
Microsoft Visual Studio Solution File, Format Version 12.00
# Visual Studio 15
VisualStudioVersion = 15.0.28307.421
MinimumVisualStudioVersion = 10.0.40219.1
Project("{FAE04EC0-301F-11D3-BF4B-00C04F79EFBC}") = "WBConf", "WBConf\WBConf.csproj", "{8C80CD26-518F-4099-BCEA-6A3E53A0FDD1}"
EndProject
Global
	GlobalSection(SolutionConfigurationPlatforms) = preSolution
		Debug|Any CPU = Debug|Any CPU
		Release|Any CPU = Release|Any CPU
	EndGlobalSection
	GlobalSection(ProjectConfigurationPlatforms) = postSolution
		{8C80CD26-518F-4099-BCEA-6A3E53A0FDD1}.Debug|Any CPU.ActiveCfg = Debug|Any CPU
		{8C80CD26-518F-4099-BCEA-6A3E53A0FDD1}.Debug|Any CPU.Build.0 = Debug|Any CPU
		{8C80CD26-518F-4099-BCEA-6A3E53A0FDD1}.Release|Any CPU.ActiveCfg = Release|Any CPU
		{8C80CD26-518F-4099-BCEA-6A3E53A0FDD1}.Release|Any CPU.Build.0 = Release|Any CPU
	EndGlobalSection
	GlobalSection(SolutionProperties) = preSolution
		HideSolutionNode = FALSE
	EndGlobalSection
	GlobalSection(ExtensibilityGlobals) = postSolution
		SolutionGuid = {75A4FA87-8CD2-40DD-8135-DD1BC6B28D24}
	EndGlobalSection
EndGlobal
